
Microsoft Visual Studio Solution File, Format Version 12.00
# Visual Studio Version 16
VisualStudioVersion = 16.0.34031.81
MinimumVisualStudioVersion = 10.0.40219.1
Project("{8BC9CEB8-8B4A-11D0-8D11-00A0C91BC942}") = "practica nuebe del moikas jijiji el ultimo de los moikanos", "practica nuebe del moikas jijiji el ultimo de los moikanos\practica nuebe del moikas jijiji el ultimo de los moikanos.vcxproj", "{8264D116-B13C-455F-A44A-11F062F4E888}"
EndProject
Global
	GlobalSection(SolutionConfigurationPlatforms) = preSolution
		Debug|x64 = Debug|x64
		Debug|x86 = Debug|x86
		Release|x64 = Release|x64
		Release|x86 = Release|x86
	EndGlobalSection
	GlobalSection(ProjectConfigurationPlatforms) = postSolution
		{8264D116-B13C-455F-A44A-11F062F4E888}.Debug|x64.ActiveCfg = Debug|x64
		{8264D116-B13C-455F-A44A-11F062F4E888}.Debug|x64.Build.0 = Debug|x64
		{8264D116-B13C-455F-A44A-11F062F4E888}.Debug|x86.ActiveCfg = Debug|Win32
		{8264D116-B13C-455F-A44A-11F062F4E888}.Debug|x86.Build.0 = Debug|Win32
		{8264D116-B13C-455F-A44A-11F062F4E888}.Release|x64.ActiveCfg = Release|x64
		{8264D116-B13C-455F-A44A-11F062F4E888}.Release|x64.Build.0 = Release|x64
		{8264D116-B13C-455F-A44A-11F062F4E888}.Release|x86.ActiveCfg = Release|Win32
		{8264D116-B13C-455F-A44A-11F062F4E888}.Release|x86.Build.0 = Release|Win32
	EndGlobalSection
	GlobalSection(SolutionProperties) = preSolution
		HideSolutionNode = FALSE
	EndGlobalSection
	GlobalSection(ExtensibilityGlobals) = postSolution
		SolutionGuid = {2EC82C55-BC03-43BD-8A2C-DEB5468610A0}
	EndGlobalSection
EndGlobal
